
Microsoft Visual Studio Solution File, Format Version 12.00
# Visual Studio Version 17
VisualStudioVersion = 17.3.32901.215
MinimumVisualStudioVersion = 10.0.40219.1
Project("{9A19103F-16F7-4668-BE54-9A1E7A4F7556}") = "AlteredMods.Lights", "Lights\AlteredMods.Lights.csproj", "{A412CD28-33DD-4DFD-8065-EE9568AD841E}"
EndProject
Global
	GlobalSection(SolutionConfigurationPlatforms) = preSolution
		Debug|Any CPU = Debug|Any CPU
		Release|Any CPU = Release|Any CPU
	EndGlobalSection
	GlobalSection(ProjectConfigurationPlatforms) = postSolution
		{A412CD28-33DD-4DFD-8065-EE9568AD841E}.Debug|Any CPU.ActiveCfg = Debug|Any CPU
		{A412CD28-33DD-4DFD-8065-EE9568AD841E}.Debug|Any CPU.Build.0 = Debug|Any CPU
		{A412CD28-33DD-4DFD-8065-EE9568AD841E}.Release|Any CPU.ActiveCfg = Release|Any CPU
		{A412CD28-33DD-4DFD-8065-EE9568AD841E}.Release|Any CPU.Build.0 = Release|Any CPU
	EndGlobalSection
	GlobalSection(SolutionProperties) = preSolution
		HideSolutionNode = FALSE
	EndGlobalSection
	GlobalSection(ExtensibilityGlobals) = postSolution
		SolutionGuid = {48D22346-729C-425E-8D35-924186D74761}
	EndGlobalSection
EndGlobal
